<?xml version="1.0" encoding="utf-8"?>
<Project ToolsVersion="4.0" xmlns="http://schemas.microsoft.com/developer/msbuild/2003">
  <ItemGroup>
    <Filter Include="소스 파일">
      <UniqueIdentifier>{4FC737F1-C7A5-4376-A066-2A32D752A2FF}</UniqueIdentifier>
      <Extensions>cpp;c;cc;cxx;c++;cppm;ixx;def;odl;idl;hpj;bat;asm;asmx</Extensions>
    </Filter>
    <Filter Include="헤더 파일">
      <UniqueIdentifier>{93995380-89BD-4b04-88EB-625FBE52EBFB}</UniqueIdentifier>
      <Extensions>h;hh;hpp;hxx;h++;hm;inl;inc;ipp;xsd</Extensions>
    </Filter>
    <Filter Include="리소스 파일">
      <UniqueIdentifier>{67DA6AB6-F800-4c08-8B7A-83BB121AAD01}</UniqueIdentifier>
      <Extensions>rc;ico;cur;bmp;dlg;rc2;rct;bin;rgs;gif;jpg;jpeg;jpe;resx;tiff;tif;png;wav;mfcribbon-ms</Extensions>
    </Filter>
    <Filter Include="00. Common">
      <UniqueIdentifier>{88c4c291-2108-4ea4-bcd3-56c827cc5dc1}</UniqueIdentifier>
    </Filter>
    <Filter Include="01. Engine">
      <UniqueIdentifier>{94b087e4-1c30-4cc0-ae87-6dbe4deb0ed5}</UniqueIdentifier>
    </Filter>
    <Filter Include="01. Engine\02. Math">
      <UniqueIdentifier>{89ba0c71-773e-4676-bfb3-ac43815a24aa}</UniqueIdentifier>
    </Filter>
    <Filter Include="01. Engine\01. Device">
      <UniqueIdentifier>{74c97201-741a-47dd-80cc-22de6052ad3f}</UniqueIdentifier>
    </Filter>
    <Filter Include="02. Resource">
      <UniqueIdentifier>{58d49519-5e16-4486-8e12-6f5994423ebe}</UniqueIdentifier>
    </Filter>
    <Filter Include="02. Resource\01. Mesh">
      <UniqueIdentifier>{5389c07a-d56f-4941-abb0-d9be9c86b482}</UniqueIdentifier>
    </Filter>
    <Filter Include="02. Resource\02. Shader">
      <UniqueIdentifier>{858cc9f1-1177-4530-80b2-8c951739564e}</UniqueIdentifier>
    </Filter>
    <Filter Include="02. Resource\02. Shader\01. Shader Class">
      <UniqueIdentifier>{81b213c2-ae9e-45b1-b4de-da1d29e0b1fa}</UniqueIdentifier>
    </Filter>
    <Filter Include="01. Engine\03. Ref">
      <UniqueIdentifier>{1797fb04-1d81-4a5d-8b73-0f8d51b328cc}</UniqueIdentifier>
    </Filter>
    <Filter Include="01. Engine\04. SharedPtr">
      <UniqueIdentifier>{d0eda92c-7cb8-4d5c-af69-4f23343cc1cd}</UniqueIdentifier>
    </Filter>
    <Filter Include="02. Resource\03. ConstantBuffer">
      <UniqueIdentifier>{44970abf-d6bb-4b07-96f7-4130ced74992}</UniqueIdentifier>
    </Filter>
  </ItemGroup>
  <ItemGroup>
    <ClInclude Include="framework.h">
      <Filter>헤더 파일</Filter>
    </ClInclude>
    <ClInclude Include="targetver.h">
      <Filter>헤더 파일</Filter>
    </ClInclude>
    <ClInclude Include="Resource.h">
      <Filter>헤더 파일</Filter>
    </ClInclude>
    <ClInclude Include="Engine\Device\Device.h">
      <Filter>01. Engine\01. Device</Filter>
    </ClInclude>
    <ClInclude Include="Common\Define.h">
      <Filter>00. Common</Filter>
    </ClInclude>
    <ClInclude Include="Engine\Engine.h">
      <Filter>01. Engine</Filter>
    </ClInclude>
    <ClInclude Include="Common\TimerManager.h">
      <Filter>00. Common</Filter>
    </ClInclude>
    <ClInclude Include="Engine\Math\EngineMath.h">
      <Filter>01. Engine\02. Math</Filter>
    </ClInclude>
    <ClInclude Include="Engine\Math\Vector2.h">
      <Filter>01. Engine\02. Math</Filter>
    </ClInclude>
    <ClInclude Include="Engine\Math\Vector3.h">
      <Filter>01. Engine\02. Math</Filter>
    </ClInclude>
    <ClInclude Include="Engine\Math\Vector4.h">
      <Filter>01. Engine\02. Math</Filter>
    </ClInclude>
    <ClInclude Include="Engine\Math\Matrix.h">
      <Filter>01. Engine\02. Math</Filter>
    </ClInclude>
    <ClInclude Include="Resource\Shader\Shader.h">
      <Filter>02. Resource\02. Shader\01. Shader Class</Filter>
    </ClInclude>
    <ClInclude Include="Resource\Shader\GraphicShader.h">
      <Filter>02. Resource\02. Shader\01. Shader Class</Filter>
    </ClInclude>
    <ClInclude Include="Engine\Ref\Ref.h">
      <Filter>01. Engine\03. Ref</Filter>
    </ClInclude>
    <ClInclude Include="Engine\SharedPtr.h">
      <Filter>01. Engine\04. SharedPtr</Filter>
    </ClInclude>
    <ClInclude Include="Resource\Shader\ShaderManager.h">
      <Filter>02. Resource\02. Shader</Filter>
    </ClInclude>
    <ClInclude Include="Resource\Shader\ComputeShader.h">
      <Filter>02. Resource\02. Shader\01. Shader Class</Filter>
    </ClInclude>
    <ClInclude Include="Resource\ConstantBuffer\ConstantBuffer.h">
      <Filter>02. Resource\03. ConstantBuffer</Filter>
    </ClInclude>
  </ItemGroup>
  <ItemGroup>
    <ResourceCompile Include="RendererProject.rc">
      <Filter>리소스 파일</Filter>
    </ResourceCompile>
  </ItemGroup>
  <ItemGroup>
    <Image Include="small.ico">
      <Filter>리소스 파일</Filter>
    </Image>
    <Image Include="RendererProject.ico">
      <Filter>리소스 파일</Filter>
    </Image>
  </ItemGroup>
  <ItemGroup>
    <ClCompile Include="main.cpp">
      <Filter>소스 파일</Filter>
    </ClCompile>
    <ClCompile Include="Engine\Device\Device.cpp">
      <Filter>01. Engine\01. Device</Filter>
    </ClCompile>
    <ClCompile Include="Common\TimerManager.cpp">
      <Filter>00. Common</Filter>
    </ClCompile>
    <ClCompile Include="Engine\Engine.cpp">
      <Filter>01. Engine</Filter>
    </ClCompile>
    <ClCompile Include="Engine\Math\Vector2.cpp">
      <Filter>01. Engine\02. Math</Filter>
    </ClCompile>
    <ClCompile Include="Engine\Math\Vector3.cpp">
      <Filter>01. Engine\02. Math</Filter>
    </ClCompile>
    <ClCompile Include="Engine\Math\Vector4.cpp">
      <Filter>01. Engine\02. Math</Filter>
    </ClCompile>
    <ClCompile Include="Engine\Math\Matrix.cpp">
      <Filter>01. Engine\02. Math</Filter>
    </ClCompile>
    <ClCompile Include="Resource\Shader\Shader.cpp">
      <Filter>02. Resource\02. Shader\01. Shader Class</Filter>
    </ClCompile>
    <ClCompile Include="Resource\Shader\GraphicShader.cpp">
      <Filter>02. Resource\02. Shader\01. Shader Class</Filter>
    </ClCompile>
    <ClCompile Include="Engine\Ref\Ref.cpp">
      <Filter>01. Engine\03. Ref</Filter>
    </ClCompile>
    <ClCompile Include="Resource\Shader\ShaderManager.cpp">
      <Filter>02. Resource\02. Shader</Filter>
    </ClCompile>
    <ClCompile Include="Resource\Shader\ComputeShader.cpp">
      <Filter>02. Resource\02. Shader\01. Shader Class</Filter>
    </ClCompile>
    <ClCompile Include="Resource\ConstantBuffer\ConstantBuffer.cpp">
      <Filter>02. Resource\03. ConstantBuffer</Filter>
    </ClCompile>
  </ItemGroup>
</Project>